{
  "name": "assets",
  "lockfileVersion": 3,
  "requires": true,
  "packages": {
    "": {
      "dependencies": {
        "@mux/upchunk": "^3.4.0",
        "@types/phoenix": "^1.6.6",
        "@types/phoenix_live_view": "^1.0.0",
        "phoenix_typed_hook": "file:../deps/phoenix_typed_hook",
        "posthog-js": "^1.232.4",
        "three": "^0.174.0"
      }
    },
    "../deps/phoenix_typed_hook": {
      "version": "0.18.2",
      "license": "MIT",
      "devDependencies": {
        "@types/jest": "^29.0.3",
        "esbuild": "^0.15.9",
        "jest": "^29.0.3",
        "ts-jest": "^29.0.2",
        "typescript": "^4.8.3"
      },
      "peerDependencies": {
        "@types/phoenix_live_view": "^0.15.1"
      }
    },
    "node_modules/@mux/upchunk": {
      "version": "3.4.0",
      "resolved": "https://registry.npmjs.org/@mux/upchunk/-/upchunk-3.4.0.tgz",
      "integrity": "sha512-ZaX4u6xRhmgB4UAmw0lvO0LB1LddbRgSILkjRDnk1F4QDtkCOuY9nOh550TNI7uKYcf6HZQax7QXst6EkpjiyQ==",
      "dependencies": {
        "event-target-shim": "^6.0.2",
        "xhr": "^2.6.0"
      }
    },
    "node_modules/@types/phoenix": {
      "version": "1.6.6",
      "resolved": "https://registry.npmjs.org/@types/phoenix/-/phoenix-1.6.6.tgz",
      "integrity": "sha512-PIzZZlEppgrpoT2QgbnDU+MMzuR6BbCjllj0bM70lWoejMeNJAxCchxnv7J3XFkI8MpygtRpzXrIlmWUBclP5A=="
    },
    "node_modules/@types/phoenix_live_view": {
      "version": "1.0.0",
      "resolved": "https://registry.npmjs.org/@types/phoenix_live_view/-/phoenix_live_view-1.0.0.tgz",
      "integrity": "sha512-GGs3POhwsgcEjLU2Vey1dPRF1Sz9HXgdd78itt+bLJqta4uOIpctkaZm5lhunJ/3kLPx9M65d5URFklRdaQM1w==",
      "dependencies": {
        "@types/phoenix": "*"
      }
    },
    "node_modules/core-js": {
      "version": "3.41.0",
      "resolved": "https://registry.npmjs.org/core-js/-/core-js-3.41.0.tgz",
      "integrity": "sha512-SJ4/EHwS36QMJd6h/Rg+GyR4A5xE0FSI3eZ+iBVpfqf1x0eTSg1smWLHrA+2jQThZSh97fmSgFSU8B61nxosxA==",
      "hasInstallScript": true,
      "funding": {
        "type": "opencollective",
        "url": "https://opencollective.com/core-js"
      }
    },
    "node_modules/dom-walk": {
      "version": "0.1.2",
      "resolved": "https://registry.npmjs.org/dom-walk/-/dom-walk-0.1.2.tgz",
      "integrity": "sha512-6QvTW9mrGeIegrFXdtQi9pk7O/nSK6lSdXW2eqUspN5LWD7UTji2Fqw5V2YLjBpHEoU9Xl/eUWNpDeZvoyOv2w=="
    },
    "node_modules/event-target-shim": {
      "version": "6.0.2",
      "resolved": "https://registry.npmjs.org/event-target-shim/-/event-target-shim-6.0.2.tgz",
      "integrity": "sha512-8q3LsZjRezbFZ2PN+uP+Q7pnHUMmAOziU2vA2OwoFaKIXxlxl38IylhSSgUorWu/rf4er67w0ikBqjBFk/pomA==",
      "engines": {
        "node": ">=10.13.0"
      },
      "funding": {
        "url": "https://github.com/sponsors/mysticatea"
      }
    },
    "node_modules/fflate": {
      "version": "0.4.8",
      "resolved": "https://registry.npmjs.org/fflate/-/fflate-0.4.8.tgz",
      "integrity": "sha512-FJqqoDBR00Mdj9ppamLa/Y7vxm+PRmNWA67N846RvsoYVMKB4q3y/de5PA7gUmRMYK/8CMz2GDZQmCRN1wBcWA=="
    },
    "node_modules/global": {
      "version": "4.4.0",
      "resolved": "https://registry.npmjs.org/global/-/global-4.4.0.tgz",
      "integrity": "sha512-wv/LAoHdRE3BeTGz53FAamhGlPLhlssK45usmGFThIi4XqnBmjKQ16u+RNbP7WvigRZDxUsM0J3gcQ5yicaL0w==",
      "dependencies": {
        "min-document": "^2.19.0",
        "process": "^0.11.10"
      }
    },
    "node_modules/is-function": {
      "version": "1.0.2",
      "resolved": "https://registry.npmjs.org/is-function/-/is-function-1.0.2.tgz",
      "integrity": "sha512-lw7DUp0aWXYg+CBCN+JKkcE0Q2RayZnSvnZBlwgxHBQhqt5pZNVy4Ri7H9GmmXkdu7LUthszM+Tor1u/2iBcpQ=="
    },
    "node_modules/min-document": {
      "version": "2.19.0",
      "resolved": "https://registry.npmjs.org/min-document/-/min-document-2.19.0.tgz",
      "integrity": "sha512-9Wy1B3m3f66bPPmU5hdA4DR4PB2OfDU/+GS3yAB7IQozE3tqXaVv2zOjgla7MEGSRv95+ILmOuvhLkOK6wJtCQ==",
      "dependencies": {
        "dom-walk": "^0.1.0"
      }
    },
    "node_modules/parse-headers": {
      "version": "2.0.5",
      "resolved": "https://registry.npmjs.org/parse-headers/-/parse-headers-2.0.5.tgz",
      "integrity": "sha512-ft3iAoLOB/MlwbNXgzy43SWGP6sQki2jQvAyBg/zDFAgr9bfNWZIUj42Kw2eJIl8kEi4PbgE6U1Zau/HwI75HA=="
    },
    "node_modules/phoenix_typed_hook": {
      "resolved": "../deps/phoenix_typed_hook",
      "link": true
    },
    "node_modules/posthog-js": {
      "version": "1.232.4",
      "resolved": "https://registry.npmjs.org/posthog-js/-/posthog-js-1.232.4.tgz",
      "integrity": "sha512-HoNFmiN+0hZkCLQnpA6N5wFlT6Z2a+EfCp0kFY976cjHNQzR4JKJAW8L8j+EVxj/shH1JfA6GVvDKKdRBWN6Aw==",
      "dependencies": {
        "core-js": "^3.38.1",
        "fflate": "^0.4.8",
        "preact": "^10.19.3",
        "web-vitals": "^4.2.4"
      },
      "peerDependencies": {
        "@rrweb/types": "2.0.0-alpha.17",
        "rrweb-snapshot": "2.0.0-alpha.17"
      },
      "peerDependenciesMeta": {
        "@rrweb/types": {
          "optional": true
        },
        "rrweb-snapshot": {
          "optional": true
        }
      }
    },
    "node_modules/preact": {
      "version": "10.26.4",
      "resolved": "https://registry.npmjs.org/preact/-/preact-10.26.4.tgz",
      "integrity": "sha512-KJhO7LBFTjP71d83trW+Ilnjbo+ySsaAgCfXOXUlmGzJ4ygYPWmysm77yg4emwfmoz3b22yvH5IsVFHbhUaH5w==",
      "funding": {
        "type": "opencollective",
        "url": "https://opencollective.com/preact"
      }
    },
    "node_modules/process": {
      "version": "0.11.10",
      "resolved": "https://registry.npmjs.org/process/-/process-0.11.10.tgz",
      "integrity": "sha512-cdGef/drWFoydD1JsMzuFf8100nZl+GT+yacc2bEced5f9Rjk4z+WtFUTBu9PhOi9j/jfmBPu0mMEY4wIdAF8A==",
      "engines": {
        "node": ">= 0.6.0"
      }
    },
    "node_modules/three": {
      "version": "0.174.0",
      "resolved": "https://registry.npmjs.org/three/-/three-0.174.0.tgz",
      "integrity": "sha512-p+WG3W6Ov74alh3geCMkGK9NWuT62ee21cV3jEnun201zodVF4tCE5aZa2U122/mkLRmhJJUQmLLW1BH00uQJQ=="
    },
    "node_modules/web-vitals": {
      "version": "4.2.4",
      "resolved": "https://registry.npmjs.org/web-vitals/-/web-vitals-4.2.4.tgz",
      "integrity": "sha512-r4DIlprAGwJ7YM11VZp4R884m0Vmgr6EAKe3P+kO0PPj3Unqyvv59rczf6UiGcb9Z8QxZVcqKNwv/g0WNdWwsw=="
    },
    "node_modules/xhr": {
      "version": "2.6.0",
      "resolved": "https://registry.npmjs.org/xhr/-/xhr-2.6.0.tgz",
      "integrity": "sha512-/eCGLb5rxjx5e3mF1A7s+pLlR6CGyqWN91fv1JgER5mVWg1MZmlhBvy9kjcsOdRk8RrIujotWyJamfyrp+WIcA==",
      "dependencies": {
        "global": "~4.4.0",
        "is-function": "^1.0.1",
        "parse-headers": "^2.0.0",
        "xtend": "^4.0.0"
      }
    },
    "node_modules/xtend": {
      "version": "4.0.2",
      "resolved": "https://registry.npmjs.org/xtend/-/xtend-4.0.2.tgz",
      "integrity": "sha512-LKYU1iAXJXUgAXn9URjiu+MWhyUXHsvfp7mcuYm9dSUKK0/CjtrUwFAxD82/mCWbtLsGjFIad0wIsod4zrTAEQ==",
      "engines": {
        "node": ">=0.4"
      }
    }
  }
}
